
Microsoft Visual Studio Solution File, Format Version 12.00
# Visual Studio 2012
Project("{FAE04EC0-301F-11D3-BF4B-00C04F79EFBC}") = "PocketNurseAutomation", "PocketNurseAutomation\PocketNurseAutomation.csproj", "{D93EEFA9-98AF-48CD-B575-E9E8781D48C7}"
EndProject
Project("{FAE04EC0-301F-11D3-BF4B-00C04F79EFBC}") = "PocketNurseTest", "PocketNurseTest\PocketNurseTest.csproj", "{5694CF7F-9AF0-4AF9-B0A3-795C5438562D}"
EndProject
Global
	GlobalSection(SolutionConfigurationPlatforms) = preSolution
		Debug|Any CPU = Debug|Any CPU
		Release|Any CPU = Release|Any CPU
	EndGlobalSection
	GlobalSection(ProjectConfigurationPlatforms) = postSolution
		{D93EEFA9-98AF-48CD-B575-E9E8781D48C7}.Debug|Any CPU.ActiveCfg = Debug|Any CPU
		{D93EEFA9-98AF-48CD-B575-E9E8781D48C7}.Debug|Any CPU.Build.0 = Debug|Any CPU
		{D93EEFA9-98AF-48CD-B575-E9E8781D48C7}.Release|Any CPU.ActiveCfg = Release|Any CPU
		{D93EEFA9-98AF-48CD-B575-E9E8781D48C7}.Release|Any CPU.Build.0 = Release|Any CPU
		{5694CF7F-9AF0-4AF9-B0A3-795C5438562D}.Debug|Any CPU.ActiveCfg = Debug|Any CPU
		{5694CF7F-9AF0-4AF9-B0A3-795C5438562D}.Debug|Any CPU.Build.0 = Debug|Any CPU
		{5694CF7F-9AF0-4AF9-B0A3-795C5438562D}.Release|Any CPU.ActiveCfg = Release|Any CPU
		{5694CF7F-9AF0-4AF9-B0A3-795C5438562D}.Release|Any CPU.Build.0 = Release|Any CPU
	EndGlobalSection
EndGlobal
